{
  "originHash" : "7ea0e5162333b48310bed341461ed978d435b3058ac0b32d03f52382f2a35289",
  "pins" : [
    {
      "identity" : "swift-log",
      "kind" : "remoteSourceControl",
      "location" : "https://github.com/apple/swift-log",
      "state" : {
        "revision" : "7ee16e465622412764b0ff0c1301801dc71b8f61",
        "version" : "1.9.0"
      }
    }
  ],
  "version" : 3
}
