{
  "originHash" : "c53cc5c1c2fbb0ee02d11bdb535ac1cda535ae45702cb725841045235f9c3aef",
  "pins" : [
    {
      "identity" : "swift-log",
      "kind" : "remoteSourceControl",
      "location" : "https://github.com/apple/swift-log",
      "state" : {
        "revision" : "7ee16e465622412764b0ff0c1301801dc71b8f61",
        "version" : "1.9.0"
      }
    }
  ],
  "version" : 3
}
